<?xml version="1.0" encoding="utf-8"?>
<Project ToolsVersion="4.0" xmlns="http://schemas.microsoft.com/developer/msbuild/2003">
  <ItemGroup>
    <ClCompile Include="main.cpp" />
    <ClCompile Include="GameLogic\AStar.cpp">
      <Filter>GameLogic</Filter>
    </ClCompile>
    <ClCompile Include="GameLogic\TileMap.cpp">
      <Filter>GameLogic</Filter>
    </ClCompile>
    <ClCompile Include="pch.cpp" />
  </ItemGroup>
  <ItemGroup>
    <Filter Include="GameLogic">
      <UniqueIdentifier>{d8e38f27-d4c7-4ae3-b5b0-fd59b226a67f}</UniqueIdentifier>
    </Filter>
  </ItemGroup>
  <ItemGroup>
    <ClInclude Include="GameLogic\AStar.h">
      <Filter>GameLogic</Filter>
    </ClInclude>
    <ClInclude Include="GameLogic\Pos.h">
      <Filter>GameLogic</Filter>
    </ClInclude>
    <ClInclude Include="GameLogic\TileMap.h">
      <Filter>GameLogic</Filter>
    </ClInclude>
    <ClInclude Include="pch.h" />
  </ItemGroup>
</Project>