<?xml version="1.0" encoding="utf-8"?>
<Project ToolsVersion="4.0" xmlns="http://schemas.microsoft.com/developer/msbuild/2003">
  <ItemGroup>
    <ClCompile Include="pch.cpp" />
    <ClCompile Include="Job\JobGroup.cpp">
      <Filter>Job</Filter>
    </ClCompile>
    <ClCompile Include="Protocol\Enum.pb.cc">
      <Filter>Protocol</Filter>
    </ClCompile>
    <ClCompile Include="Protocol\Protocol.pb.cc">
      <Filter>Protocol</Filter>
    </ClCompile>
    <ClCompile Include="Protocol\Struct.pb.cc">
      <Filter>Protocol</Filter>
    </ClCompile>
    <ClCompile Include="Packet\ChatPacketHandler.cpp">
      <Filter>Packet</Filter>
    </ClCompile>
    <ClCompile Include="Packet\PacketHandler.cpp">
      <Filter>Packet</Filter>
    </ClCompile>
    <ClCompile Include="Packet\PacketId.cpp">
      <Filter>Packet</Filter>
    </ClCompile>
    <ClCompile Include="Packet\PlayerPacketHandler.cpp">
      <Filter>Packet</Filter>
    </ClCompile>
    <ClCompile Include="GameServer.cpp" />
    <ClCompile Include="main.cpp" />
    <ClCompile Include="Data\BaseJsonLoader.cpp">
      <Filter>Data</Filter>
    </ClCompile>
    <ClCompile Include="Object\GameObject.cpp">
      <Filter>Object</Filter>
    </ClCompile>
    <ClCompile Include="Object\Player\Player.cpp">
      <Filter>Object\Player</Filter>
    </ClCompile>
    <ClCompile Include="Object\Stat\BaseStat.cpp">
      <Filter>Object\Stat</Filter>
    </ClCompile>
    <ClCompile Include="Object\Stat\BaseStatLoader.cpp">
      <Filter>Object\Stat</Filter>
    </ClCompile>
    <ClCompile Include="Object\Stat\PlayerStatLoader.cpp">
      <Filter>Object\Stat</Filter>
    </ClCompile>
    <ClCompile Include="World\Zone\BaseZone.cpp">
      <Filter>World\Zone</Filter>
    </ClCompile>
    <ClCompile Include="World\MapDataLoader.cpp">
      <Filter>World\Zone</Filter>
    </ClCompile>
    <ClCompile Include="World\Zone\TownZone.cpp">
      <Filter>World\Zone</Filter>
    </ClCompile>
    <ClCompile Include="World\WorldManager.cpp">
      <Filter>World\Zone</Filter>
    </ClCompile>
    <ClCompile Include="Protocol\ProtoOperator.cpp">
      <Filter>Protocol</Filter>
    </ClCompile>
    <ClCompile Include="Object\Stat\StatManager.cpp">
      <Filter>Object\Stat</Filter>
    </ClCompile>
    <ClCompile Include="World\Zone\Sector.cpp">
      <Filter>World\Zone</Filter>
    </ClCompile>
    <ClCompile Include="Packet\SystemPacketHandler.cpp">
      <Filter>Packet</Filter>
    </ClCompile>
    <ClCompile Include="World\Zone\Vector3d.cpp">
      <Filter>World\Zone</Filter>
    </ClCompile>
    <ClCompile Include="World\Zone\BossZone.cpp">
      <Filter>World\Zone</Filter>
    </ClCompile>
    <ClCompile Include="World\Zone\PveZone.cpp">
      <Filter>World\Zone</Filter>
    </ClCompile>
    <ClCompile Include="World\Zone\PvpZone.cpp">
      <Filter>World\Zone</Filter>
    </ClCompile>
  </ItemGroup>
  <ItemGroup>
    <ClInclude Include="pch.h" />
    <ClInclude Include="Job\JobGroup.h">
      <Filter>Job</Filter>
    </ClInclude>
    <ClInclude Include="Protocol\Enum.pb.h">
      <Filter>Protocol</Filter>
    </ClInclude>
    <ClInclude Include="Protocol\Protocol.pb.h">
      <Filter>Protocol</Filter>
    </ClInclude>
    <ClInclude Include="Protocol\Struct.pb.h">
      <Filter>Protocol</Filter>
    </ClInclude>
    <ClInclude Include="Packet\ChatPacketHandler.h">
      <Filter>Packet</Filter>
    </ClInclude>
    <ClInclude Include="Packet\PacketHandler.h">
      <Filter>Packet</Filter>
    </ClInclude>
    <ClInclude Include="Packet\PacketId.h">
      <Filter>Packet</Filter>
    </ClInclude>
    <ClInclude Include="Packet\PlayerPacketHandler.h">
      <Filter>Packet</Filter>
    </ClInclude>
    <ClInclude Include="GameServer.h" />
    <ClInclude Include="GameMacro.h" />
    <ClInclude Include="GameDefine.h" />
    <ClInclude Include="Data\BaseJsonLoader.h">
      <Filter>Data</Filter>
    </ClInclude>
    <ClInclude Include="Object\GameObject.h">
      <Filter>Object</Filter>
    </ClInclude>
    <ClInclude Include="Object\ObjectDefine.h">
      <Filter>Object</Filter>
    </ClInclude>
    <ClInclude Include="Object\Player\Player.h">
      <Filter>Object\Player</Filter>
    </ClInclude>
    <ClInclude Include="Object\Stat\BaseStat.h">
      <Filter>Object\Stat</Filter>
    </ClInclude>
    <ClInclude Include="Object\Stat\BaseStatLoader.h">
      <Filter>Object\Stat</Filter>
    </ClInclude>
    <ClInclude Include="Object\Stat\PlayerStatLoader.h">
      <Filter>Object\Stat</Filter>
    </ClInclude>
    <ClInclude Include="World\Zone\BaseZone.h">
      <Filter>World\Zone</Filter>
    </ClInclude>
    <ClInclude Include="World\MapDataLoader.h">
      <Filter>World\Zone</Filter>
    </ClInclude>
    <ClInclude Include="World\Zone\TownZone.h">
      <Filter>World\Zone</Filter>
    </ClInclude>
    <ClInclude Include="World\WorldManager.h">
      <Filter>World\Zone</Filter>
    </ClInclude>
    <ClInclude Include="World\Zone\ZoneDefine.h">
      <Filter>World\Zone</Filter>
    </ClInclude>
    <ClInclude Include="Protocol\ProtoOperator.h">
      <Filter>Protocol</Filter>
    </ClInclude>
    <ClInclude Include="Object\Stat\StatManager.h">
      <Filter>Object\Stat</Filter>
    </ClInclude>
    <ClInclude Include="World\Zone\Sector.h">
      <Filter>World\Zone</Filter>
    </ClInclude>
    <ClInclude Include="Packet\SystemPacketHandler.h">
      <Filter>Packet</Filter>
    </ClInclude>
    <ClInclude Include="World\Zone\Vector3d.h">
      <Filter>World\Zone</Filter>
    </ClInclude>
    <ClInclude Include="World\Zone\BossZone.h">
      <Filter>World\Zone</Filter>
    </ClInclude>
    <ClInclude Include="World\Zone\PveZone.h">
      <Filter>World\Zone</Filter>
    </ClInclude>
    <ClInclude Include="World\Zone\PvpZone.h">
      <Filter>World\Zone</Filter>
    </ClInclude>
  </ItemGroup>
  <ItemGroup>
    <Filter Include="Job">
      <UniqueIdentifier>{339e93d0-b1b8-4eee-9900-7cc601deffba}</UniqueIdentifier>
    </Filter>
    <Filter Include="Protocol">
      <UniqueIdentifier>{37b890ca-a01a-4785-b37f-9b64a6b10824}</UniqueIdentifier>
    </Filter>
    <Filter Include="Packet">
      <UniqueIdentifier>{d4a8df1b-1f49-4c4a-8fc7-79579b836a6e}</UniqueIdentifier>
    </Filter>
    <Filter Include="Data">
      <UniqueIdentifier>{62a48c55-65e0-4a2f-ac32-8e35c4882e1e}</UniqueIdentifier>
    </Filter>
    <Filter Include="Object">
      <UniqueIdentifier>{6e110586-a015-4e26-89f3-c6db099d1dbd}</UniqueIdentifier>
    </Filter>
    <Filter Include="Object\Player">
      <UniqueIdentifier>{61f4e9ec-1621-4a50-83ee-ff76a7634b4c}</UniqueIdentifier>
    </Filter>
    <Filter Include="Object\Stat">
      <UniqueIdentifier>{adbc8e16-a1a1-428e-90b7-92db460caa6d}</UniqueIdentifier>
    </Filter>
    <Filter Include="World">
      <UniqueIdentifier>{9bb1e390-70de-412d-b42d-2ade6b79e57e}</UniqueIdentifier>
    </Filter>
    <Filter Include="World\Zone">
      <UniqueIdentifier>{824e7936-e4b3-43f5-86f6-af8403028dc4}</UniqueIdentifier>
    </Filter>
  </ItemGroup>
  <ItemGroup>
    <None Include="Data\MapData.json">
      <Filter>Data</Filter>
    </None>
    <None Include="Data\PlayerStats.json">
      <Filter>Data</Filter>
    </None>
  </ItemGroup>
</Project>