<?xml version="1.0" encoding="utf-8"?>
<Project ToolsVersion="4.0" xmlns="http://schemas.microsoft.com/developer/msbuild/2003">
  <ItemGroup>
    <ClCompile Include="GameServer.cpp" />
    <ClCompile Include="pch.cpp" />
    <ClCompile Include="Service\GameServerManager.cpp">
      <Filter>Service</Filter>
    </ClCompile>
  </ItemGroup>
  <ItemGroup>
    <ClInclude Include="pch.h" />
    <ClInclude Include="Service\GameServerManager.h">
      <Filter>Service</Filter>
    </ClInclude>
  </ItemGroup>
  <ItemGroup>
    <Filter Include="Service">
      <UniqueIdentifier>{fb749b75-c135-44f8-8c88-8e3fa0d42336}</UniqueIdentifier>
    </Filter>
  </ItemGroup>
</Project>