<?xml version="1.0" encoding="utf-8"?>
<Project ToolsVersion="4.0" xmlns="http://schemas.microsoft.com/developer/msbuild/2003">
  <ItemGroup>
    <ClCompile Include="pch.cpp" />
    <ClCompile Include="Utils\Timer.cpp" />
    <ClCompile Include="Thread\Lock.cpp" />
    <ClCompile Include="Utils\CrashDump.cpp" />
    <ClCompile Include="Thread\ThreadManager.cpp" />
    <ClCompile Include="Memory\MemoryAllocator.cpp" />
    <ClCompile Include="Memory\MemoryManger.cpp" />
    <ClCompile Include="Memory\MemoryPool.cpp" />
    <ClCompile Include="Container\LockStack.cpp" />
    <ClCompile Include="Pch\CoreTLS.cpp" />
    <ClCompile Include="Log\Logger.cpp" />
    <ClCompile Include="Log\LogFile.cpp" />
    <ClCompile Include="Thread\LockGuard.cpp" />
    <ClCompile Include="Container\EventLockQueue.cpp" />
    <ClCompile Include="Utils\Utils.cpp" />
    <ClCompile Include="Log\LogDispatcher.cpp" />
  </ItemGroup>
  <ItemGroup>
    <ClInclude Include="Pch\CoreMacro.h" />
    <ClInclude Include="Pch\CorePch.h" />
    <ClInclude Include="pch.h" />
    <ClInclude Include="Pch\Types.h" />
    <ClInclude Include="Utils\Timer.h" />
    <ClInclude Include="Utils\Singleton.h" />
    <ClInclude Include="Thread\Lock.h" />
    <ClInclude Include="Utils\CrashDump.h" />
    <ClInclude Include="Thread\ThreadManager.h" />
    <ClInclude Include="Memory\ObjectPool.h" />
    <ClInclude Include="Memory\MemoryAllocator.h" />
    <ClInclude Include="Memory\MemoryManger.h" />
    <ClInclude Include="Memory\MemoryPool.h" />
    <ClInclude Include="Container\LockStack.h" />
    <ClInclude Include="Pch\CoreTLS.h" />
    <ClInclude Include="Log\Logger.h" />
    <ClInclude Include="Log\LogDefine.h" />
    <ClInclude Include="Log\LogFile.h" />
    <ClInclude Include="Thread\LockGuard.h" />
    <ClInclude Include="Container\EventLockQueue.h" />
    <ClInclude Include="Utils\Utils.h" />
    <ClInclude Include="Log\LogDispatcher.h" />
  </ItemGroup>
</Project>