<?xml version="1.0" encoding="utf-8"?>
<Project ToolsVersion="4.0" xmlns="http://schemas.microsoft.com/developer/msbuild/2003">
  <ItemGroup>
    <Filter Include="Pch">
      <UniqueIdentifier>{e299971b-44c2-4e69-a6a1-25bea64883ee}</UniqueIdentifier>
    </Filter>
  </ItemGroup>
  <ItemGroup>
    <ClCompile Include="pch.cpp">
      <Filter>Pch</Filter>
    </ClCompile>
  </ItemGroup>
  <ItemGroup>
    <ClInclude Include="pch.h">
      <Filter>Pch</Filter>
    </ClInclude>
    <ClInclude Include="CorePch.h">
      <Filter>Pch</Filter>
    </ClInclude>
    <ClInclude Include="Types.h">
      <Filter>Pch</Filter>
    </ClInclude>
  </ItemGroup>
</Project>